
Microsoft Visual Studio Solution File, Format Version 11.00
# Visual Studio 2010
Project("{F2A71F9B-5D33-465A-A702-920D77279786}") = "NoRecruiters", "NoRecruiters.fsproj", "{DC7F0EC9-236F-4A5E-9157-B1963A22A296}"
EndProject
Global
	GlobalSection(SolutionConfigurationPlatforms) = preSolution
		Debug|Any CPU = Debug|Any CPU
		Release|Any CPU = Release|Any CPU
	EndGlobalSection
	GlobalSection(ProjectConfigurationPlatforms) = postSolution
		{DC7F0EC9-236F-4A5E-9157-B1963A22A296}.Debug|Any CPU.ActiveCfg = Debug|Any CPU
		{DC7F0EC9-236F-4A5E-9157-B1963A22A296}.Debug|Any CPU.Build.0 = Debug|Any CPU
		{DC7F0EC9-236F-4A5E-9157-B1963A22A296}.Release|Any CPU.ActiveCfg = Release|Any CPU
		{DC7F0EC9-236F-4A5E-9157-B1963A22A296}.Release|Any CPU.Build.0 = Release|Any CPU
	EndGlobalSection
	GlobalSection(SolutionProperties) = preSolution
		HideSolutionNode = FALSE
	EndGlobalSection
EndGlobal
